{
  "nodes": {
    "brew-src": {
      "flake": false,
      "locked": {
        "lastModified": 1748148946,
        "narHash": "sha256-srnyYAqGD27NeBDaEU3hchJdkeOQ2vRe3kWurihFYT8=",
        "owner": "Homebrew",
        "repo": "brew",
        "rev": "dc0f9d50fd170492a33fd7234d06de1b94df363c",
        "type": "github"
      },
      "original": {
        "owner": "Homebrew",
        "ref": "4.5.3",
        "repo": "brew",
        "type": "github"
      }
    },
    "root": {
      "inputs": {
        "brew-src": "brew-src"
      }
    }
  },
  "root": "root",
  "version": 7
}
